// !$*UTF8*$!
{
	archiveVersion = 1;
	classes = {
	};
	objectVersion = 46;
	objects = {

/* Begin PBXBuildFile section */
		95A102141E6FEF770001F187 /* DataModel.swift in Sources */ = {isa = PBXBuildFile; fileRef = 95A102131E6FEF770001F187 /* DataModel.swift */; };
		95F1342A1E6FBB030067C9B4 /* AppDelegate.swift in Sources */ = {isa = PBXBuildFile; fileRef = 95F134291E6FBB030067C9B4 /* AppDelegate.swift */; };
		95F1342C1E6FBB030067C9B4 /* ViewController.swift in Sources */ = {isa = PBXBuildFile; fileRef = 95F1342B1E6FBB030067C9B4 /* ViewController.swift */; };
		95F1342F1E6FBB030067C9B4 /* Main.storyboard in Resources */ = {isa = PBXBuildFile; fileRef = 95F1342D1E6FBB030067C9B4 /* Main.storyboard */; };
		95F134311E6FBB030067C9B4 /* Assets.xcassets in Resources */ = {isa = PBXBuildFile; fileRef = 95F134301E6FBB030067C9B4 /* Assets.xcassets */; };
		95F134341E6FBB030067C9B4 /* LaunchScreen.storyboard in Resources */ = {isa = PBXBuildFile; fileRef = 95F134321E6FBB030067C9B4 /* LaunchScreen.storyboard */; };
		95F1343F1E6FBB030067C9B4 /* TestGitTests.swift in Sources */ = {isa = PBXBuildFile; fileRef = 95F1343E1E6FBB030067C9B4 /* TestGitTests.swift */; };
		95F1344A1E6FBB030067C9B4 /* TestGitUITests.swift in Sources */ = {isa = PBXBuildFile; fileRef = 95F134491E6FBB030067C9B4 /* TestGitUITests.swift */; };
		A2E3D9BA60F10E39F2AF39AE /* Pods_TestGit.framework in Frameworks */ = {isa = PBXBuildFile; fileRef = C5F98F06F08AD85C9523C8DF /* Pods_TestGit.framework */; };
/* End PBXBuildFile section */

/* Begin PBXContainerItemProxy section */
		95F1343B1E6FBB030067C9B4 /* PBXContainerItemProxy */ = {
			isa = PBXContainerItemProxy;
			containerPortal = 95F1341E1E6FBB020067C9B4 /* Project object */;
			proxyType = 1;
			remoteGlobalIDString = 95F134251E6FBB030067C9B4;
			remoteInfo = TestGit;
		};
		95F134461E6FBB030067C9B4 /* PBXContainerItemProxy */ = {
			isa = PBXContainerItemProxy;
			containerPortal = 95F1341E1E6FBB020067C9B4 /* Project object */;
			proxyType = 1;
			remoteGlobalIDString = 95F134251E6FBB030067C9B4;
			remoteInfo = TestGit;
		};
/* End PBXContainerItemProxy section */

/* Begin PBXFileReference section */
		95A102131E6FEF770001F187 /* DataModel.swift */ = {isa = PBXFileReference; fileEncoding = 4; lastKnownFileType = sourcecode.swift; path = DataModel.swift; sourceTree = "<group>"; };
		95F134261E6FBB030067C9B4 /* TestGit.app */ = {isa = PBXFileReference; explicitFileType = wrapper.application; includeInIndex = 0; path = TestGit.app; sourceTree = BUILT_PRODUCTS_DIR; };
		95F134291E6FBB030067C9B4 /* AppDelegate.swift */ = {isa = PBXFileReference; lastKnownFileType = sourcecode.swift; path = AppDelegate.swift; sourceTree = "<group>"; };
		95F1342B1E6FBB030067C9B4 /* ViewController.swift */ = {isa = PBXFileReference; lastKnownFileType = sourcecode.swift; path = ViewController.swift; sourceTree = "<group>"; };
		95F1342E1E6FBB030067C9B4 /* Base */ = {isa = PBXFileReference; lastKnownFileType = file.storyboard; name = Base; path = Base.lproj/Main.storyboard; sourceTree = "<group>"; };
		95F134301E6FBB030067C9B4 /* Assets.xcassets */ = {isa = PBXFileReference; lastKnownFileType = folder.assetcatalog; path = Assets.xcassets; sourceTree = "<group>"; };
		95F134331E6FBB030067C9B4 /* Base */ = {isa = PBXFileReference; lastKnownFileType = file.storyboard; name = Base; path = Base.lproj/LaunchScreen.storyboard; sourceTree = "<group>"; };
		95F134351E6FBB030067C9B4 /* Info.plist */ = {isa = PBXFileReference; lastKnownFileType = text.plist.xml; path = Info.plist; sourceTree = "<group>"; };
		95F1343A1E6FBB030067C9B4 /* TestGitTests.xctest */ = {isa = PBXFileReference; explicitFileType = wrapper.cfbundle; includeInIndex = 0; path = TestGitTests.xctest; sourceTree = BUILT_PRODUCTS_DIR; };
		95F1343E1E6FBB030067C9B4 /* TestGitTests.swift */ = {isa = PBXFileReference; lastKnownFileType = sourcecode.swift; path = TestGitTests.swift; sourceTree = "<group>"; };
		95F134401E6FBB030067C9B4 /* Info.plist */ = {isa = PBXFileReference; lastKnownFileType = text.plist.xml; path = Info.plist; sourceTree = "<group>"; };
		95F134451E6FBB030067C9B4 /* TestGitUITests.xctest */ = {isa = PBXFileReference; explicitFileType = wrapper.cfbundle; includeInIndex = 0; path = TestGitUITests.xctest; sourceTree = BUILT_PRODUCTS_DIR; };
		95F134491E6FBB030067C9B4 /* TestGitUITests.swift */ = {isa = PBXFileReference; lastKnownFileType = sourcecode.swift; path = TestGitUITests.swift; sourceTree = "<group>"; };
		95F1344B1E6FBB030067C9B4 /* Info.plist */ = {isa = PBXFileReference; lastKnownFileType = text.plist.xml; path = Info.plist; sourceTree = "<group>"; };
		A4A56394A61C9957A75FE914 /* Pods-TestGit.debug.xcconfig */ = {isa = PBXFileReference; includeInIndex = 1; lastKnownFileType = text.xcconfig; name = "Pods-TestGit.debug.xcconfig"; path = "Pods/Target Support Files/Pods-TestGit/Pods-TestGit.debug.xcconfig"; sourceTree = "<group>"; };
		C5F98F06F08AD85C9523C8DF /* Pods_TestGit.framework */ = {isa = PBXFileReference; explicitFileType = wrapper.framework; includeInIndex = 0; path = Pods_TestGit.framework; sourceTree = BUILT_PRODUCTS_DIR; };
		D9FE68457E6E6B9D88764866 /* Pods-TestGit.release.xcconfig */ = {isa = PBXFileReference; includeInIndex = 1; lastKnownFileType = text.xcconfig; name = "Pods-TestGit.release.xcconfig"; path = "Pods/Target Support Files/Pods-TestGit/Pods-TestGit.release.xcconfig"; sourceTree = "<group>"; };
/* End PBXFileReference section */

/* Begin PBXFrameworksBuildPhase section */
		95F134231E6FBB030067C9B4 /* Frameworks */ = {
			isa = PBXFrameworksBuildPhase;
			buildActionMask = 2147483647;
			files = (
				A2E3D9BA60F10E39F2AF39AE /* Pods_TestGit.framework in Frameworks */,
			);
			runOnlyForDeploymentPostprocessing = 0;
		};
		95F134371E6FBB030067C9B4 /* Frameworks */ = {
			isa = PBXFrameworksBuildPhase;
			buildActionMask = 2147483647;
			files = (
			);
			runOnlyForDeploymentPostprocessing = 0;
		};
		95F134421E6FBB030067C9B4 /* Frameworks */ = {
			isa = PBXFrameworksBuildPhase;
			buildActionMask = 2147483647;
			files = (
			);
			runOnlyForDeploymentPostprocessing = 0;
		};
/* End PBXFrameworksBuildPhase section */

/* Begin PBXGroup section */
		925EE34BBD5E085D71E887CB /* Pods */ = {
			isa = PBXGroup;
			children = (
				A4A56394A61C9957A75FE914 /* Pods-TestGit.debug.xcconfig */,
				D9FE68457E6E6B9D88764866 /* Pods-TestGit.release.xcconfig */,
			);
			name = Pods;
			sourceTree = "<group>";
		};
		95F1341D1E6FBB020067C9B4 = {
			isa = PBXGroup;
			children = (
				95F134281E6FBB030067C9B4 /* TestGit */,
				95F1343D1E6FBB030067C9B4 /* TestGitTests */,
				95F134481E6FBB030067C9B4 /* TestGitUITests */,
				95F134271E6FBB030067C9B4 /* Products */,
				925EE34BBD5E085D71E887CB /* Pods */,
				DA69F3878C89FB5EAB1ABF92 /* Frameworks */,
			);
			sourceTree = "<group>";
		};
		95F134271E6FBB030067C9B4 /* Products */ = {
			isa = PBXGroup;
			children = (
				95F134261E6FBB030067C9B4 /* TestGit.app */,
				95F1343A1E6FBB030067C9B4 /* TestGitTests.xctest */,
				95F134451E6FBB030067C9B4 /* TestGitUITests.xctest */,
			);
			name = Products;
			sourceTree = "<group>";
		};
		95F134281E6FBB030067C9B4 /* TestGit */ = {
			isa = PBXGroup;
			children = (
				95F134291E6FBB030067C9B4 /* AppDelegate.swift */,
				95F1342B1E6FBB030067C9B4 /* ViewController.swift */,
				95F1342D1E6FBB030067C9B4 /* Main.storyboard */,
				95F134301E6FBB030067C9B4 /* Assets.xcassets */,
				95F134321E6FBB030067C9B4 /* LaunchScreen.storyboard */,
				95F134351E6FBB030067C9B4 /* Info.plist */,
				95A102131E6FEF770001F187 /* DataModel.swift */,
			);
			path = TestGit;
			sourceTree = "<group>";
		};
		95F1343D1E6FBB030067C9B4 /* TestGitTests */ = {
			isa = PBXGroup;
			children = (
				95F1343E1E6FBB030067C9B4 /* TestGitTests.swift */,
				95F134401E6FBB030067C9B4 /* Info.plist */,
			);
			path = TestGitTests;
			sourceTree = "<group>";
		};
		95F134481E6FBB030067C9B4 /* TestGitUITests */ = {
			isa = PBXGroup;
			children = (
				95F134491E6FBB030067C9B4 /* TestGitUITests.swift */,
				95F1344B1E6FBB030067C9B4 /* Info.plist */,
			);
			path = TestGitUITests;
			sourceTree = "<group>";
		};
		DA69F3878C89FB5EAB1ABF92 /* Frameworks */ = {
			isa = PBXGroup;
			children = (
				C5F98F06F08AD85C9523C8DF /* Pods_TestGit.framework */,
			);
			name = Frameworks;
			sourceTree = "<group>";
		};
/* End PBXGroup section */

/* Begin PBXNativeTarget section */
		95F134251E6FBB030067C9B4 /* TestGit */ = {
			isa = PBXNativeTarget;
			buildConfigurationList = 95F1344E1E6FBB030067C9B4 /* Build configuration list for PBXNativeTarget "TestGit" */;
			buildPhases = (
				78A5692EB2E1F7377DE39FC6 /* [CP] Check Pods Manifest.lock */,
				95F134221E6FBB030067C9B4 /* Sources */,
				95F134231E6FBB030067C9B4 /* Frameworks */,
				95F134241E6FBB030067C9B4 /* Resources */,
				6B1267E062CB24AF67016D64 /* [CP] Embed Pods Frameworks */,
				2096B2EF97AC8DAEB7A3D126 /* [CP] Copy Pods Resources */,
			);
			buildRules = (
			);
			dependencies = (
			);
			name = TestGit;
			productName = TestGit;
			productReference = 95F134261E6FBB030067C9B4 /* TestGit.app */;
			productType = "com.apple.product-type.application";
		};
		95F134391E6FBB030067C9B4 /* TestGitTests */ = {
			isa = PBXNativeTarget;
			buildConfigurationList = 95F134511E6FBB030067C9B4 /* Build configuration list for PBXNativeTarget "TestGitTests" */;
			buildPhases = (
				95F134361E6FBB030067C9B4 /* Sources */,
				95F134371E6FBB030067C9B4 /* Frameworks */,
				95F134381E6FBB030067C9B4 /* Resources */,
			);
			buildRules = (
			);
			dependencies = (
				95F1343C1E6FBB030067C9B4 /* PBXTargetDependency */,
			);
			name = TestGitTests;
			productName = TestGitTests;
			productReference = 95F1343A1E6FBB030067C9B4 /* TestGitTests.xctest */;
			productType = "com.apple.product-type.bundle.unit-test";
		};
		95F134441E6FBB030067C9B4 /* TestGitUITests */ = {
			isa = PBXNativeTarget;
			buildConfigurationList = 95F134541E6FBB030067C9B4 /* Build configuration list for PBXNativeTarget "TestGitUITests" */;
			buildPhases = (
				95F134411E6FBB030067C9B4 /* Sources */,
				95F134421E6FBB030067C9B4 /* Frameworks */,
				95F134431E6FBB030067C9B4 /* Resources */,
			);
			buildRules = (
			);
			dependencies = (
				95F134471E6FBB030067C9B4 /* PBXTargetDependency */,
			);
			name = TestGitUITests;
			productName = TestGitUITests;
			productReference = 95F134451E6FBB030067C9B4 /* TestGitUITests.xctest */;
			productType = "com.apple.product-type.bundle.ui-testing";
		};
/* End PBXNativeTarget section */

/* Begin PBXProject section */
		95F1341E1E6FBB020067C9B4 /* Project object */ = {
			isa = PBXProject;
			attributes = {
				LastSwiftUpdateCheck = 0820;
				LastUpgradeCheck = 0820;
				ORGANIZATIONNAME = Tom;
				TargetAttributes = {
					95F134251E6FBB030067C9B4 = {
						CreatedOnToolsVersion = 8.2.1;
						ProvisioningStyle = Automatic;
					};
					95F134391E6FBB030067C9B4 = {
						CreatedOnToolsVersion = 8.2.1;
						ProvisioningStyle = Automatic;
						TestTargetID = 95F134251E6FBB030067C9B4;
					};
					95F134441E6FBB030067C9B4 = {
						CreatedOnToolsVersion = 8.2.1;
						ProvisioningStyle = Automatic;
						TestTargetID = 95F134251E6FBB030067C9B4;
					};
				};
			};
			buildConfigurationList = 95F134211E6FBB020067C9B4 /* Build configuration list for PBXProject "TestGit" */;
			compatibilityVersion = "Xcode 3.2";
			developmentRegion = English;
			hasScannedForEncodings = 0;
			knownRegions = (
				en,
				Base,
			);
			mainGroup = 95F1341D1E6FBB020067C9B4;
			productRefGroup = 95F134271E6FBB030067C9B4 /* Products */;
			projectDirPath = "";
			projectRoot = "";
			targets = (
				95F134251E6FBB030067C9B4 /* TestGit */,
				95F134391E6FBB030067C9B4 /* TestGitTests */,
				95F134441E6FBB030067C9B4 /* TestGitUITests */,
			);
		};
/* End PBXProject section */

/* Begin PBXResourcesBuildPhase section */
		95F134241E6FBB030067C9B4 /* Resources */ = {
			isa = PBXResourcesBuildPhase;
			buildActionMask = 2147483647;
			files = (
				95F134341E6FBB030067C9B4 /* LaunchScreen.storyboard in Resources */,
				95F134311E6FBB030067C9B4 /* Assets.xcassets in Resources */,
				95F1342F1E6FBB030067C9B4 /* Main.storyboard in Resources */,
			);
			runOnlyForDeploymentPostprocessing = 0;
		};
		95F134381E6FBB030067C9B4 /* Resources */ = {
			isa = PBXResourcesBuildPhase;
			buildActionMask = 2147483647;
			files = (
			);
			runOnlyForDeploymentPostprocessing = 0;
		};
		95F134431E6FBB030067C9B4 /* Resources */ = {
			isa = PBXResourcesBuildPhase;
			buildActionMask = 2147483647;
			files = (
			);
			runOnlyForDeploymentPostprocessing = 0;
		};
/* End PBXResourcesBuildPhase section */

/* Begin PBXShellScriptBuildPhase section */
		2096B2EF97AC8DAEB7A3D126 /* [CP] Copy Pods Resources */ = {
			isa = PBXShellScriptBuildPhase;
			buildActionMask = 2147483647;
			files = (
			);
			inputPaths = (
			);
			name = "[CP] Copy Pods Resources";
			outputPaths = (
			);
			runOnlyForDeploymentPostprocessing = 0;
			shellPath = /bin/sh;
			shellScript = "\"${SRCROOT}/Pods/Target Support Files/Pods-TestGit/Pods-TestGit-resources.sh\"\n";
			showEnvVarsInLog = 0;
		};
		6B1267E062CB24AF67016D64 /* [CP] Embed Pods Frameworks */ = {
			isa = PBXShellScriptBuildPhase;
			buildActionMask = 2147483647;
			files = (
			);
			inputPaths = (
			);
			name = "[CP] Embed Pods Frameworks";
			outputPaths = (
			);
			runOnlyForDeploymentPostprocessing = 0;
			shellPath = /bin/sh;
			shellScript = "\"${SRCROOT}/Pods/Target Support Files/Pods-TestGit/Pods-TestGit-frameworks.sh\"\n";
			showEnvVarsInLog = 0;
		};
		78A5692EB2E1F7377DE39FC6 /* [CP] Check Pods Manifest.lock */ = {
			isa = PBXShellScriptBuildPhase;
			buildActionMask = 2147483647;
			files = (
			);
			inputPaths = (
			);
			name = "[CP] Check Pods Manifest.lock";
			outputPaths = (
			);
			runOnlyForDeploymentPostprocessing = 0;
			shellPath = /bin/sh;
			shellScript = "diff \"${PODS_ROOT}/../Podfile.lock\" \"${PODS_ROOT}/Manifest.lock\" > /dev/null\nif [ $? != 0 ] ; then\n    # print error to STDERR\n    echo \"error: The sandbox is not in sync with the Podfile.lock. Run 'pod install' or update your CocoaPods installation.\" >&2\n    exit 1\nfi\n";
			showEnvVarsInLog = 0;
		};
/* End PBXShellScriptBuildPhase section */

/* Begin PBXSourcesBuildPhase section */
		95F134221E6FBB030067C9B4 /* Sources */ = {
			isa = PBXSourcesBuildPhase;
			buildActionMask = 2147483647;
			files = (
				95F1342C1E6FBB030067C9B4 /* ViewController.swift in Sources */,
				95F1342A1E6FBB030067C9B4 /* AppDelegate.swift in Sources */,
				95A102141E6FEF770001F187 /* DataModel.swift in Sources */,
			);
			runOnlyForDeploymentPostprocessing = 0;
		};
		95F134361E6FBB030067C9B4 /* Sources */ = {
			isa = PBXSourcesBuildPhase;
			buildActionMask = 2147483647;
			files = (
				95F1343F1E6FBB030067C9B4 /* TestGitTests.swift in Sources */,
			);
			runOnlyForDeploymentPostprocessing = 0;
		};
		95F134411E6FBB030067C9B4 /* Sources */ = {
			isa = PBXSourcesBuildPhase;
			buildActionMask = 2147483647;
			files = (
				95F1344A1E6FBB030067C9B4 /* TestGitUITests.swift in Sources */,
			);
			runOnlyForDeploymentPostprocessing = 0;
		};
/* End PBXSourcesBuildPhase section */

/* Begin PBXTargetDependency section */
		95F1343C1E6FBB030067C9B4 /* PBXTargetDependency */ = {
			isa = PBXTargetDependency;
			target = 95F134251E6FBB030067C9B4 /* TestGit */;
			targetProxy = 95F1343B1E6FBB030067C9B4 /* PBXContainerItemProxy */;
		};
		95F134471E6FBB030067C9B4 /* PBXTargetDependency */ = {
			isa = PBXTargetDependency;
			target = 95F134251E6FBB030067C9B4 /* TestGit */;
			targetProxy = 95F134461E6FBB030067C9B4 /* PBXContainerItemProxy */;
		};
/* End PBXTargetDependency section */

/* Begin PBXVariantGroup section */
		95F1342D1E6FBB030067C9B4 /* Main.storyboard */ = {
			isa = PBXVariantGroup;
			children = (
				95F1342E1E6FBB030067C9B4 /* Base */,
			);
			name = Main.storyboard;
			sourceTree = "<group>";
		};
		95F134321E6FBB030067C9B4 /* LaunchScreen.storyboard */ = {
			isa = PBXVariantGroup;
			children = (
				95F134331E6FBB030067C9B4 /* Base */,
			);
			name = LaunchScreen.storyboard;
			sourceTree = "<group>";
		};
/* End PBXVariantGroup section */

/* Begin XCBuildConfiguration section */
		95F1344C1E6FBB030067C9B4 /* Debug */ = {
			isa = XCBuildConfiguration;
			buildSettings = {
				ALWAYS_SEARCH_USER_PATHS = NO;
				CLANG_ANALYZER_NONNULL = YES;
				CLANG_CXX_LANGUAGE_STANDARD = "gnu++0x";
				CLANG_CXX_LIBRARY = "libc++";
				CLANG_ENABLE_MODULES = YES;
				CLANG_ENABLE_OBJC_ARC = YES;
				CLANG_WARN_BOOL_CONVERSION = YES;
				CLANG_WARN_CONSTANT_CONVERSION = YES;
				CLANG_WARN_DIRECT_OBJC_ISA_USAGE = YES_ERROR;
				CLANG_WARN_DOCUMENTATION_COMMENTS = YES;
				CLANG_WARN_EMPTY_BODY = YES;
				CLANG_WARN_ENUM_CONVERSION = YES;
				CLANG_WARN_INFINITE_RECURSION = YES;
				CLANG_WARN_INT_CONVERSION = YES;
				CLANG_WARN_OBJC_ROOT_CLASS = YES_ERROR;
				CLANG_WARN_SUSPICIOUS_MOVE = YES;
				CLANG_WARN_UNREACHABLE_CODE = YES;
				CLANG_WARN__DUPLICATE_METHOD_MATCH = YES;
				"CODE_SIGN_IDENTITY[sdk=iphoneos*]" = "iPhone Developer";
				COPY_PHASE_STRIP = NO;
				DEBUG_INFORMATION_FORMAT = dwarf;
				ENABLE_STRICT_OBJC_MSGSEND = YES;
				ENABLE_TESTABILITY = YES;
				GCC_C_LANGUAGE_STANDARD = gnu99;
				GCC_DYNAMIC_NO_PIC = NO;
				GCC_NO_COMMON_BLOCKS = YES;
				GCC_OPTIMIZATION_LEVEL = 0;
				GCC_PREPROCESSOR_DEFINITIONS = (
					"DEBUG=1",
					"$(inherited)",
				);
				GCC_WARN_64_TO_32_BIT_CONVERSION = YES;
				GCC_WARN_ABOUT_RETURN_TYPE = YES_ERROR;
				GCC_WARN_UNDECLARED_SELECTOR = YES;
				GCC_WARN_UNINITIALIZED_AUTOS = YES_AGGRESSIVE;
				GCC_WARN_UNUSED_FUNCTION = YES;
				GCC_WARN_UNUSED_VARIABLE = YES;
				IPHONEOS_DEPLOYMENT_TARGET = 10.2;
				MTL_ENABLE_DEBUG_INFO = YES;
				ONLY_ACTIVE_ARCH = YES;
				SDKROOT = iphoneos;
				SWIFT_ACTIVE_COMPILATION_CONDITIONS = DEBUG;
				SWIFT_OPTIMIZATION_LEVEL = "-Onone";
			};
			name = Debug;
		};
		95F1344D1E6FBB030067C9B4 /* Release */ = {
			isa = XCBuildConfiguration;
			buildSettings = {
				ALWAYS_SEARCH_USER_PATHS = NO;
				CLANG_ANALYZER_NONNULL = YES;
				CLANG_CXX_LANGUAGE_STANDARD = "gnu++0x";
				CLANG_CXX_LIBRARY = "libc++";
				CLANG_ENABLE_MODULES = YES;
				CLANG_ENABLE_OBJC_ARC = YES;
				CLANG_WARN_BOOL_CONVERSION = YES;
				CLANG_WARN_CONSTANT_CONVERSION = YES;
				CLANG_WARN_DIRECT_OBJC_ISA_USAGE = YES_ERROR;
				CLANG_WARN_DOCUMENTATION_COMMENTS = YES;
				CLANG_WARN_EMPTY_BODY = YES;
				CLANG_WARN_ENUM_CONVERSION = YES;
				CLANG_WARN_INFINITE_RECURSION = YES;
				CLANG_WARN_INT_CONVERSION = YES;
				CLANG_WARN_OBJC_ROOT_CLASS = YES_ERROR;
				CLANG_WARN_SUSPICIOUS_MOVE = YES;
				CLANG_WARN_UNREACHABLE_CODE = YES;
				CLANG_WARN__DUPLICATE_METHOD_MATCH = YES;
				"CODE_SIGN_IDENTITY[sdk=iphoneos*]" = "iPhone Developer";
				COPY_PHASE_STRIP = NO;
				DEBUG_INFORMATION_FORMAT = "dwarf-with-dsym";
				ENABLE_NS_ASSERTIONS = NO;
				ENABLE_STRICT_OBJC_MSGSEND = YES;
				GCC_C_LANGUAGE_STANDARD = gnu99;
				GCC_NO_COMMON_BLOCKS = YES;
				GCC_WARN_64_TO_32_BIT_CONVERSION = YES;
				GCC_WARN_ABOUT_RETURN_TYPE = YES_ERROR;
				GCC_WARN_UNDECLARED_SELECTOR = YES;
				GCC_WARN_UNINITIALIZED_AUTOS = YES_AGGRESSIVE;
				GCC_WARN_UNUSED_FUNCTION = YES;
				GCC_WARN_UNUSED_VARIABLE = YES;
				IPHONEOS_DEPLOYMENT_TARGET = 10.2;
				MTL_ENABLE_DEBUG_INFO = NO;
				SDKROOT = iphoneos;
				SWIFT_OPTIMIZATION_LEVEL = "-Owholemodule";
				VALIDATE_PRODUCT = YES;
			};
			name = Release;
		};
		95F1344F1E6FBB030067C9B4 /* Debug */ = {
			isa = XCBuildConfiguration;
			baseConfigurationReference = A4A56394A61C9957A75FE914 /* Pods-TestGit.debug.xcconfig */;
			buildSettings = {
				ASSETCATALOG_COMPILER_APPICON_NAME = AppIcon;
				INFOPLIST_FILE = TestGit/Info.plist;
				LD_RUNPATH_SEARCH_PATHS = "$(inherited) @executable_path/Frameworks";
				PRODUCT_BUNDLE_IDENTIFIER = com.tom.TestGit;
				PRODUCT_NAME = "$(TARGET_NAME)";
				SWIFT_VERSION = 3.0;
			};
			name = Debug;
		};
		95F134501E6FBB030067C9B4 /* Release */ = {
			isa = XCBuildConfiguration;
			baseConfigurationReference = D9FE68457E6E6B9D88764866 /* Pods-TestGit.release.xcconfig */;
			buildSettings = {
				ASSETCATALOG_COMPILER_APPICON_NAME = AppIcon;
				INFOPLIST_FILE = TestGit/Info.plist;
				LD_RUNPATH_SEARCH_PATHS = "$(inherited) @executable_path/Frameworks";
				PRODUCT_BUNDLE_IDENTIFIER = com.tom.TestGit;
				PRODUCT_NAME = "$(TARGET_NAME)";
				SWIFT_VERSION = 3.0;
			};
			name = Release;
		};
		95F134521E6FBB030067C9B4 /* Debug */ = {
			isa = XCBuildConfiguration;
			buildSettings = {
				ALWAYS_EMBED_SWIFT_STANDARD_LIBRARIES = YES;
				BUNDLE_LOADER = "$(TEST_HOST)";
				INFOPLIST_FILE = TestGitTests/Info.plist;
				LD_RUNPATH_SEARCH_PATHS = "$(inherited) @executable_path/Frameworks @loader_path/Frameworks";
				PRODUCT_BUNDLE_IDENTIFIER = com.tom.TestGitTests;
				PRODUCT_NAME = "$(TARGET_NAME)";
				SWIFT_VERSION = 3.0;
				TEST_HOST = "$(BUILT_PRODUCTS_DIR)/TestGit.app/TestGit";
			};
			name = Debug;
		};
		95F134531E6FBB030067C9B4 /* Release */ = {
			isa = XCBuildConfiguration;
			buildSettings = {
				ALWAYS_EMBED_SWIFT_STANDARD_LIBRARIES = YES;
				BUNDLE_LOADER = "$(TEST_HOST)";
				INFOPLIST_FILE = TestGitTests/Info.plist;
				LD_RUNPATH_SEARCH_PATHS = "$(inherited) @executable_path/Frameworks @loader_path/Frameworks";
				PRODUCT_BUNDLE_IDENTIFIER = com.tom.TestGitTests;
				PRODUCT_NAME = "$(TARGET_NAME)";
				SWIFT_VERSION = 3.0;
				TEST_HOST = "$(BUILT_PRODUCTS_DIR)/TestGit.app/TestGit";
			};
			name = Release;
		};
		95F134551E6FBB030067C9B4 /* Debug */ = {
			isa = XCBuildConfiguration;
			buildSettings = {
				ALWAYS_EMBED_SWIFT_STANDARD_LIBRARIES = YES;
				INFOPLIST_FILE = TestGitUITests/Info.plist;
				LD_RUNPATH_SEARCH_PATHS = "$(inherited) @executable_path/Frameworks @loader_path/Frameworks";
				PRODUCT_BUNDLE_IDENTIFIER = com.tom.TestGitUITests;
				PRODUCT_NAME = "$(TARGET_NAME)";
				SWIFT_VERSION = 3.0;
				TEST_TARGET_NAME = TestGit;
			};
			name = Debug;
		};
		95F134561E6FBB030067C9B4 /* Release */ = {
			isa = XCBuildConfiguration;
			buildSettings = {
				ALWAYS_EMBED_SWIFT_STANDARD_LIBRARIES = YES;
				INFOPLIST_FILE = TestGitUITests/Info.plist;
				LD_RUNPATH_SEARCH_PATHS = "$(inherited) @executable_path/Frameworks @loader_path/Frameworks";
				PRODUCT_BUNDLE_IDENTIFIER = com.tom.TestGitUITests;
				PRODUCT_NAME = "$(TARGET_NAME)";
				SWIFT_VERSION = 3.0;
				TEST_TARGET_NAME = TestGit;
			};
			name = Release;
		};
/* End XCBuildConfiguration section */

/* Begin XCConfigurationList section */
		95F134211E6FBB020067C9B4 /* Build configuration list for PBXProject "TestGit" */ = {
			isa = XCConfigurationList;
			buildConfigurations = (
				95F1344C1E6FBB030067C9B4 /* Debug */,
				95F1344D1E6FBB030067C9B4 /* Release */,
			);
			defaultConfigurationIsVisible = 0;
			defaultConfigurationName = Release;
		};
		95F1344E1E6FBB030067C9B4 /* Build configuration list for PBXNativeTarget "TestGit" */ = {
			isa = XCConfigurationList;
			buildConfigurations = (
				95F1344F1E6FBB030067C9B4 /* Debug */,
				95F134501E6FBB030067C9B4 /* Release */,
			);
			defaultConfigurationIsVisible = 0;
			defaultConfigurationName = Release;
		};
		95F134511E6FBB030067C9B4 /* Build configuration list for PBXNativeTarget "TestGitTests" */ = {
			isa = XCConfigurationList;
			buildConfigurations = (
				95F134521E6FBB030067C9B4 /* Debug */,
				95F134531E6FBB030067C9B4 /* Release */,
			);
			defaultConfigurationIsVisible = 0;
			defaultConfigurationName = Release;
		};
		95F134541E6FBB030067C9B4 /* Build configuration list for PBXNativeTarget "TestGitUITests" */ = {
			isa = XCConfigurationList;
			buildConfigurations = (
				95F134551E6FBB030067C9B4 /* Debug */,
				95F134561E6FBB030067C9B4 /* Release */,
			);
			defaultConfigurationIsVisible = 0;
			defaultConfigurationName = Release;
		};
/* End XCConfigurationList section */
	};
	rootObject = 95F1341E1E6FBB020067C9B4 /* Project object */;
}
